// !$*UTF8*$!
{
	archiveVersion = 1;
	classes = {
	};
	objectVersion = 45;
	objects = {

/* Begin PBXBuildFile section */
		AA747D9F0F9514B9006C5449 /* OOOTouch_Prefix.pch in Headers */ = {isa = PBXBuildFile; fileRef = AA747D9E0F9514B9006C5449 /* OOOTouch_Prefix.pch */; };
		AACBBE4A0F95108600F1A2B1 /* Foundation.framework in Frameworks */ = {isa = PBXBuildFile; fileRef = AACBBE490F95108600F1A2B1 /* Foundation.framework */; };
		DB2DECAB116D68DA00FF9DB8 /* SettingsViewController.h in Headers */ = {isa = PBXBuildFile; fileRef = DB2DECA9116D68DA00FF9DB8 /* SettingsViewController.h */; };
		DB2DECAC116D68DA00FF9DB8 /* SettingsViewController.m in Sources */ = {isa = PBXBuildFile; fileRef = DB2DECAA116D68DA00FF9DB8 /* SettingsViewController.m */; };
		DB2DECDE116D6D2D00FF9DB8 /* SettingsManager.h in Headers */ = {isa = PBXBuildFile; fileRef = DB2DECDC116D6D2D00FF9DB8 /* SettingsManager.h */; };
		DB2DECDF116D6D2D00FF9DB8 /* SettingsManager.m in Sources */ = {isa = PBXBuildFile; fileRef = DB2DECDD116D6D2D00FF9DB8 /* SettingsManager.m */; };
		DB2DED09116D923400FF9DB8 /* SettingsSliderCell.h in Headers */ = {isa = PBXBuildFile; fileRef = DB2DED07116D923400FF9DB8 /* SettingsSliderCell.h */; };
		DB2DED0A116D923400FF9DB8 /* SettingsSliderCell.m in Sources */ = {isa = PBXBuildFile; fileRef = DB2DED08116D923400FF9DB8 /* SettingsSliderCell.m */; };
		DB35A93F118CAA9A009DE97E /* OOOTouchDemo-iPad.xib in Resources */ = {isa = PBXBuildFile; fileRef = DB35A93E118CAA9A009DE97E /* OOOTouchDemo-iPad.xib */; };
		DB35A9E8118CBFE1009DE97E /* OOOTouchDemoMainViewController.m in Sources */ = {isa = PBXBuildFile; fileRef = DB35A9E7118CBFE1009DE97E /* OOOTouchDemoMainViewController.m */; };
		DB440B2A1191291600D87538 /* SettingsNavigationController.m in Sources */ = {isa = PBXBuildFile; fileRef = DB35A9F0118CC1E7009DE97E /* SettingsNavigationController.m */; };
		DB440B2B1191291600D87538 /* SettingsNavigationController.h in Headers */ = {isa = PBXBuildFile; fileRef = DB35A9EF118CC1E7009DE97E /* SettingsNavigationController.h */; };
		DBE6A180116D95F4001A029E /* SettingsTextCell.h in Headers */ = {isa = PBXBuildFile; fileRef = DBE6A17E116D95F4001A029E /* SettingsTextCell.h */; };
		DBE6A181116D95F4001A029E /* SettingsTextCell.m in Sources */ = {isa = PBXBuildFile; fileRef = DBE6A17F116D95F4001A029E /* SettingsTextCell.m */; };
		DBE6A1F4116E2694001A029E /* SettingsValueTable.h in Headers */ = {isa = PBXBuildFile; fileRef = DBE6A1F2116E2694001A029E /* SettingsValueTable.h */; };
		DBE6A1F5116E2694001A029E /* SettingsValueTable.m in Sources */ = {isa = PBXBuildFile; fileRef = DBE6A1F3116E2694001A029E /* SettingsValueTable.m */; };
		DBEA41631184BFFB00ECA462 /* libOOOTouch.a in Frameworks */ = {isa = PBXBuildFile; fileRef = D2AAC07E0554694100DB518D /* libOOOTouch.a */; };
		DBEA41741184C06000ECA462 /* OOOTouchDemo.xib in Resources */ = {isa = PBXBuildFile; fileRef = DBEA41731184C06000ECA462 /* OOOTouchDemo.xib */; };
		DBEA417A1184C0AD00ECA462 /* OOOTouchDemoAppDelegate.m in Sources */ = {isa = PBXBuildFile; fileRef = DBEA41791184C0AD00ECA462 /* OOOTouchDemoAppDelegate.m */; };
		DBEA41F31185101700ECA462 /* UIKit.framework in Frameworks */ = {isa = PBXBuildFile; fileRef = DBEA41F21185101700ECA462 /* UIKit.framework */; };
		DBEA41F91185103100ECA462 /* CoreGraphics.framework in Frameworks */ = {isa = PBXBuildFile; fileRef = DBEA41F81185103100ECA462 /* CoreGraphics.framework */; };
		DBEA425F1185249100ECA462 /* Config.bundle in Resources */ = {isa = PBXBuildFile; fileRef = DBEA41531184BFD800ECA462 /* Config.bundle */; };
		DBEA44921186951800ECA462 /* main.m in Sources */ = {isa = PBXBuildFile; fileRef = DBEA44911186951800ECA462 /* main.m */; };
/* End PBXBuildFile section */

/* Begin PBXContainerItemProxy section */
		DBEA41611184BFF700ECA462 /* PBXContainerItemProxy */ = {
			isa = PBXContainerItemProxy;
			containerPortal = 0867D690FE84028FC02AAC07 /* Project object */;
			proxyType = 1;
			remoteGlobalIDString = D2AAC07D0554694100DB518D;
			remoteInfo = OOOTouch;
		};
/* End PBXContainerItemProxy section */

/* Begin PBXFileReference section */
		AA747D9E0F9514B9006C5449 /* OOOTouch_Prefix.pch */ = {isa = PBXFileReference; fileEncoding = 4; lastKnownFileType = sourcecode.c.h; path = OOOTouch_Prefix.pch; sourceTree = SOURCE_ROOT; };
		AACBBE490F95108600F1A2B1 /* Foundation.framework */ = {isa = PBXFileReference; lastKnownFileType = wrapper.framework; name = Foundation.framework; path = System/Library/Frameworks/Foundation.framework; sourceTree = SDKROOT; };
		D2AAC07E0554694100DB518D /* libOOOTouch.a */ = {isa = PBXFileReference; explicitFileType = archive.ar; includeInIndex = 0; path = libOOOTouch.a; sourceTree = BUILT_PRODUCTS_DIR; };
		DB2DECA9116D68DA00FF9DB8 /* SettingsViewController.h */ = {isa = PBXFileReference; fileEncoding = 4; lastKnownFileType = sourcecode.c.h; path = SettingsViewController.h; sourceTree = "<group>"; };
		DB2DECAA116D68DA00FF9DB8 /* SettingsViewController.m */ = {isa = PBXFileReference; fileEncoding = 4; lastKnownFileType = sourcecode.c.objc; path = SettingsViewController.m; sourceTree = "<group>"; };
		DB2DECDC116D6D2D00FF9DB8 /* SettingsManager.h */ = {isa = PBXFileReference; fileEncoding = 4; lastKnownFileType = sourcecode.c.h; path = SettingsManager.h; sourceTree = "<group>"; };
		DB2DECDD116D6D2D00FF9DB8 /* SettingsManager.m */ = {isa = PBXFileReference; fileEncoding = 4; lastKnownFileType = sourcecode.c.objc; path = SettingsManager.m; sourceTree = "<group>"; };
		DB2DED07116D923400FF9DB8 /* SettingsSliderCell.h */ = {isa = PBXFileReference; fileEncoding = 4; lastKnownFileType = sourcecode.c.h; path = SettingsSliderCell.h; sourceTree = "<group>"; };
		DB2DED08116D923400FF9DB8 /* SettingsSliderCell.m */ = {isa = PBXFileReference; fileEncoding = 4; lastKnownFileType = sourcecode.c.objc; path = SettingsSliderCell.m; sourceTree = "<group>"; };
		DB35A93E118CAA9A009DE97E /* OOOTouchDemo-iPad.xib */ = {isa = PBXFileReference; lastKnownFileType = file.xib; path = "OOOTouchDemo-iPad.xib"; sourceTree = "<group>"; };
		DB35A9E6118CBFE1009DE97E /* OOOTouchDemoMainViewController.h */ = {isa = PBXFileReference; fileEncoding = 4; lastKnownFileType = sourcecode.c.h; path = OOOTouchDemoMainViewController.h; sourceTree = "<group>"; };
		DB35A9E7118CBFE1009DE97E /* OOOTouchDemoMainViewController.m */ = {isa = PBXFileReference; fileEncoding = 4; lastKnownFileType = sourcecode.c.objc; path = OOOTouchDemoMainViewController.m; sourceTree = "<group>"; };
		DB35A9EF118CC1E7009DE97E /* SettingsNavigationController.h */ = {isa = PBXFileReference; fileEncoding = 4; lastKnownFileType = sourcecode.c.h; path = SettingsNavigationController.h; sourceTree = "<group>"; };
		DB35A9F0118CC1E7009DE97E /* SettingsNavigationController.m */ = {isa = PBXFileReference; fileEncoding = 4; lastKnownFileType = sourcecode.c.objc; path = SettingsNavigationController.m; sourceTree = "<group>"; };
		DBE6A17E116D95F4001A029E /* SettingsTextCell.h */ = {isa = PBXFileReference; fileEncoding = 4; lastKnownFileType = sourcecode.c.h; path = SettingsTextCell.h; sourceTree = "<group>"; };
		DBE6A17F116D95F4001A029E /* SettingsTextCell.m */ = {isa = PBXFileReference; fileEncoding = 4; lastKnownFileType = sourcecode.c.objc; path = SettingsTextCell.m; sourceTree = "<group>"; };
		DBE6A1F2116E2694001A029E /* SettingsValueTable.h */ = {isa = PBXFileReference; fileEncoding = 4; lastKnownFileType = sourcecode.c.h; path = SettingsValueTable.h; sourceTree = "<group>"; };
		DBE6A1F3116E2694001A029E /* SettingsValueTable.m */ = {isa = PBXFileReference; fileEncoding = 4; lastKnownFileType = sourcecode.c.objc; path = SettingsValueTable.m; sourceTree = "<group>"; };
		DBEA41531184BFD800ECA462 /* Config.bundle */ = {isa = PBXFileReference; explicitFileType = "wrapper.plug-in"; path = Config.bundle; sourceTree = "<group>"; };
		DBEA415B1184BFF000ECA462 /* OOOTouchDemo.app */ = {isa = PBXFileReference; explicitFileType = wrapper.application; includeInIndex = 0; path = OOOTouchDemo.app; sourceTree = BUILT_PRODUCTS_DIR; };
		DBEA415D1184BFF000ECA462 /* OOOTouchDemo-Info.plist */ = {isa = PBXFileReference; lastKnownFileType = text.plist.xml; path = "OOOTouchDemo-Info.plist"; sourceTree = "<group>"; };
		DBEA41731184C06000ECA462 /* OOOTouchDemo.xib */ = {isa = PBXFileReference; lastKnownFileType = file.xib; path = OOOTouchDemo.xib; sourceTree = "<group>"; };
		DBEA41781184C0AD00ECA462 /* OOOTouchDemoAppDelegate.h */ = {isa = PBXFileReference; fileEncoding = 4; lastKnownFileType = sourcecode.c.h; path = OOOTouchDemoAppDelegate.h; sourceTree = "<group>"; };
		DBEA41791184C0AD00ECA462 /* OOOTouchDemoAppDelegate.m */ = {isa = PBXFileReference; fileEncoding = 4; lastKnownFileType = sourcecode.c.objc; path = OOOTouchDemoAppDelegate.m; sourceTree = "<group>"; };
		DBEA41F21185101700ECA462 /* UIKit.framework */ = {isa = PBXFileReference; lastKnownFileType = wrapper.framework; name = UIKit.framework; path = System/Library/Frameworks/UIKit.framework; sourceTree = SDKROOT; };
		DBEA41F81185103100ECA462 /* CoreGraphics.framework */ = {isa = PBXFileReference; lastKnownFileType = wrapper.framework; name = CoreGraphics.framework; path = System/Library/Frameworks/CoreGraphics.framework; sourceTree = SDKROOT; };
		DBEA44911186951800ECA462 /* main.m */ = {isa = PBXFileReference; fileEncoding = 4; lastKnownFileType = sourcecode.c.objc; path = main.m; sourceTree = "<group>"; };
/* End PBXFileReference section */

/* Begin PBXFrameworksBuildPhase section */
		D2AAC07C0554694100DB518D /* Frameworks */ = {
			isa = PBXFrameworksBuildPhase;
			buildActionMask = 2147483647;
			files = (
				AACBBE4A0F95108600F1A2B1 /* Foundation.framework in Frameworks */,
			);
			runOnlyForDeploymentPostprocessing = 0;
		};
		DBEA41591184BFF000ECA462 /* Frameworks */ = {
			isa = PBXFrameworksBuildPhase;
			buildActionMask = 2147483647;
			files = (
				DBEA41631184BFFB00ECA462 /* libOOOTouch.a in Frameworks */,
				DBEA41F31185101700ECA462 /* UIKit.framework in Frameworks */,
				DBEA41F91185103100ECA462 /* CoreGraphics.framework in Frameworks */,
			);
			runOnlyForDeploymentPostprocessing = 0;
		};
/* End PBXFrameworksBuildPhase section */

/* Begin PBXGroup section */
		034768DFFF38A50411DB9C8B /* Products */ = {
			isa = PBXGroup;
			children = (
				D2AAC07E0554694100DB518D /* libOOOTouch.a */,
				DBEA415B1184BFF000ECA462 /* OOOTouchDemo.app */,
			);
			name = Products;
			sourceTree = "<group>";
		};
		0867D691FE84028FC02AAC07 /* OOOTouch */ = {
			isa = PBXGroup;
			children = (
				DBEA41481184B86900ECA462 /* Examples */,
				08FB77AEFE84172EC02AAC07 /* Classes */,
				32C88DFF0371C24200C91783 /* Other Sources */,
				0867D69AFE84028FC02AAC07 /* Frameworks */,
				034768DFFF38A50411DB9C8B /* Products */,
			);
			name = OOOTouch;
			sourceTree = "<group>";
		};
		0867D69AFE84028FC02AAC07 /* Frameworks */ = {
			isa = PBXGroup;
			children = (
				AACBBE490F95108600F1A2B1 /* Foundation.framework */,
				DBEA41F21185101700ECA462 /* UIKit.framework */,
				DBEA41F81185103100ECA462 /* CoreGraphics.framework */,
			);
			name = Frameworks;
			sourceTree = "<group>";
		};
		08FB77AEFE84172EC02AAC07 /* Classes */ = {
			isa = PBXGroup;
			children = (
				DB2DECDB116D6CFB00FF9DB8 /* Settings */,
			);
			name = Classes;
			sourceTree = "<group>";
		};
		32C88DFF0371C24200C91783 /* Other Sources */ = {
			isa = PBXGroup;
			children = (
				AA747D9E0F9514B9006C5449 /* OOOTouch_Prefix.pch */,
			);
			name = "Other Sources";
			sourceTree = "<group>";
		};
		DB2DECDB116D6CFB00FF9DB8 /* Settings */ = {
			isa = PBXGroup;
			children = (
				DB2DECA9116D68DA00FF9DB8 /* SettingsViewController.h */,
				DB2DECAA116D68DA00FF9DB8 /* SettingsViewController.m */,
				DB2DECDC116D6D2D00FF9DB8 /* SettingsManager.h */,
				DB2DECDD116D6D2D00FF9DB8 /* SettingsManager.m */,
				DB2DED07116D923400FF9DB8 /* SettingsSliderCell.h */,
				DB2DED08116D923400FF9DB8 /* SettingsSliderCell.m */,
				DBE6A17E116D95F4001A029E /* SettingsTextCell.h */,
				DBE6A17F116D95F4001A029E /* SettingsTextCell.m */,
				DBE6A1F2116E2694001A029E /* SettingsValueTable.h */,
				DBE6A1F3116E2694001A029E /* SettingsValueTable.m */,
				DB35A9EF118CC1E7009DE97E /* SettingsNavigationController.h */,
				DB35A9F0118CC1E7009DE97E /* SettingsNavigationController.m */,
			);
			name = Settings;
			sourceTree = "<group>";
		};
		DBEA41481184B86900ECA462 /* Examples */ = {
			isa = PBXGroup;
			children = (
				DBEA44911186951800ECA462 /* main.m */,
				DBEA41781184C0AD00ECA462 /* OOOTouchDemoAppDelegate.h */,
				DBEA41791184C0AD00ECA462 /* OOOTouchDemoAppDelegate.m */,
				DBEA415D1184BFF000ECA462 /* OOOTouchDemo-Info.plist */,
				DBEA41731184C06000ECA462 /* OOOTouchDemo.xib */,
				DB35A93E118CAA9A009DE97E /* OOOTouchDemo-iPad.xib */,
				DBEA41531184BFD800ECA462 /* Config.bundle */,
				DB35A9E6118CBFE1009DE97E /* OOOTouchDemoMainViewController.h */,
				DB35A9E7118CBFE1009DE97E /* OOOTouchDemoMainViewController.m */,
			);
			path = Examples;
			sourceTree = "<group>";
		};
/* End PBXGroup section */

/* Begin PBXHeadersBuildPhase section */
		D2AAC07A0554694100DB518D /* Headers */ = {
			isa = PBXHeadersBuildPhase;
			buildActionMask = 2147483647;
			files = (
				AA747D9F0F9514B9006C5449 /* OOOTouch_Prefix.pch in Headers */,
				DB2DECAB116D68DA00FF9DB8 /* SettingsViewController.h in Headers */,
				DB2DECDE116D6D2D00FF9DB8 /* SettingsManager.h in Headers */,
				DB2DED09116D923400FF9DB8 /* SettingsSliderCell.h in Headers */,
				DBE6A180116D95F4001A029E /* SettingsTextCell.h in Headers */,
				DBE6A1F4116E2694001A029E /* SettingsValueTable.h in Headers */,
				DB440B2B1191291600D87538 /* SettingsNavigationController.h in Headers */,
			);
			runOnlyForDeploymentPostprocessing = 0;
		};
/* End PBXHeadersBuildPhase section */

/* Begin PBXNativeTarget section */
		D2AAC07D0554694100DB518D /* OOOTouch */ = {
			isa = PBXNativeTarget;
			buildConfigurationList = 1DEB921E08733DC00010E9CD /* Build configuration list for PBXNativeTarget "OOOTouch" */;
			buildPhases = (
				D2AAC07A0554694100DB518D /* Headers */,
				D2AAC07B0554694100DB518D /* Sources */,
				D2AAC07C0554694100DB518D /* Frameworks */,
			);
			buildRules = (
			);
			dependencies = (
			);
			name = OOOTouch;
			productName = OOOTouch;
			productReference = D2AAC07E0554694100DB518D /* libOOOTouch.a */;
			productType = "com.apple.product-type.library.static";
		};
		DBEA415A1184BFF000ECA462 /* OOOTouchDemo */ = {
			isa = PBXNativeTarget;
			buildConfigurationList = DBEA41601184BFF100ECA462 /* Build configuration list for PBXNativeTarget "OOOTouchDemo" */;
			buildPhases = (
				DBEA41571184BFF000ECA462 /* Resources */,
				DBEA41581184BFF000ECA462 /* Sources */,
				DBEA41591184BFF000ECA462 /* Frameworks */,
			);
			buildRules = (
			);
			dependencies = (
				DBEA41621184BFF700ECA462 /* PBXTargetDependency */,
			);
			name = OOOTouchDemo;
			productName = "OOOTouch Demo";
			productReference = DBEA415B1184BFF000ECA462 /* OOOTouchDemo.app */;
			productType = "com.apple.product-type.application";
		};
/* End PBXNativeTarget section */

/* Begin PBXProject section */
		0867D690FE84028FC02AAC07 /* Project object */ = {
			isa = PBXProject;
			buildConfigurationList = 1DEB922208733DC00010E9CD /* Build configuration list for PBXProject "OOOTouch" */;
			compatibilityVersion = "Xcode 3.1";
			hasScannedForEncodings = 1;
			mainGroup = 0867D691FE84028FC02AAC07 /* OOOTouch */;
			productRefGroup = 034768DFFF38A50411DB9C8B /* Products */;
			projectDirPath = "";
			projectRoot = "";
			targets = (
				D2AAC07D0554694100DB518D /* OOOTouch */,
				DBEA415A1184BFF000ECA462 /* OOOTouchDemo */,
			);
		};
/* End PBXProject section */

/* Begin PBXResourcesBuildPhase section */
		DBEA41571184BFF000ECA462 /* Resources */ = {
			isa = PBXResourcesBuildPhase;
			buildActionMask = 2147483647;
			files = (
				DBEA41741184C06000ECA462 /* OOOTouchDemo.xib in Resources */,
				DBEA425F1185249100ECA462 /* Config.bundle in Resources */,
				DB35A93F118CAA9A009DE97E /* OOOTouchDemo-iPad.xib in Resources */,
			);
			runOnlyForDeploymentPostprocessing = 0;
		};
/* End PBXResourcesBuildPhase section */

/* Begin PBXSourcesBuildPhase section */
		D2AAC07B0554694100DB518D /* Sources */ = {
			isa = PBXSourcesBuildPhase;
			buildActionMask = 2147483647;
			files = (
				DB2DECAC116D68DA00FF9DB8 /* SettingsViewController.m in Sources */,
				DB2DECDF116D6D2D00FF9DB8 /* SettingsManager.m in Sources */,
				DB2DED0A116D923400FF9DB8 /* SettingsSliderCell.m in Sources */,
				DBE6A181116D95F4001A029E /* SettingsTextCell.m in Sources */,
				DBE6A1F5116E2694001A029E /* SettingsValueTable.m in Sources */,
				DB440B2A1191291600D87538 /* SettingsNavigationController.m in Sources */,
			);
			runOnlyForDeploymentPostprocessing = 0;
		};
		DBEA41581184BFF000ECA462 /* Sources */ = {
			isa = PBXSourcesBuildPhase;
			buildActionMask = 2147483647;
			files = (
				DBEA417A1184C0AD00ECA462 /* OOOTouchDemoAppDelegate.m in Sources */,
				DBEA44921186951800ECA462 /* main.m in Sources */,
				DB35A9E8118CBFE1009DE97E /* OOOTouchDemoMainViewController.m in Sources */,
			);
			runOnlyForDeploymentPostprocessing = 0;
		};
/* End PBXSourcesBuildPhase section */

/* Begin PBXTargetDependency section */
		DBEA41621184BFF700ECA462 /* PBXTargetDependency */ = {
			isa = PBXTargetDependency;
			target = D2AAC07D0554694100DB518D /* OOOTouch */;
			targetProxy = DBEA41611184BFF700ECA462 /* PBXContainerItemProxy */;
		};
/* End PBXTargetDependency section */

/* Begin XCBuildConfiguration section */
		1DEB921F08733DC00010E9CD /* Debug */ = {
			isa = XCBuildConfiguration;
			buildSettings = {
				ALWAYS_SEARCH_USER_PATHS = NO;
				ARCHS = "$(ARCHS_STANDARD_32_BIT)";
				COPY_PHASE_STRIP = NO;
				DSTROOT = /tmp/OOOTouch.dst;
				GCC_DYNAMIC_NO_PIC = NO;
				GCC_ENABLE_FIX_AND_CONTINUE = YES;
				GCC_MODEL_TUNING = G5;
				GCC_OPTIMIZATION_LEVEL = 0;
				GCC_PRECOMPILE_PREFIX_HEADER = YES;
				GCC_PREFIX_HEADER = OOOTouch_Prefix.pch;
				INSTALL_PATH = /usr/local/lib;
				PRODUCT_NAME = OOOTouch;
			};
			name = Debug;
		};
		1DEB922008733DC00010E9CD /* Release */ = {
			isa = XCBuildConfiguration;
			buildSettings = {
				ALWAYS_SEARCH_USER_PATHS = NO;
				ARCHS = "$(ARCHS_STANDARD_32_BIT)";
				DSTROOT = /tmp/OOOTouch.dst;
				GCC_MODEL_TUNING = G5;
				GCC_PRECOMPILE_PREFIX_HEADER = YES;
				GCC_PREFIX_HEADER = OOOTouch_Prefix.pch;
				INSTALL_PATH = /usr/local/lib;
				PRODUCT_NAME = OOOTouch;
			};
			name = Release;
		};
		1DEB922308733DC00010E9CD /* Debug */ = {
			isa = XCBuildConfiguration;
			buildSettings = {
				ARCHS = "$(ARCHS_STANDARD_32_BIT)";
				GCC_C_LANGUAGE_STANDARD = c99;
				GCC_OPTIMIZATION_LEVEL = 0;
				GCC_WARN_ABOUT_RETURN_TYPE = YES;
				GCC_WARN_UNUSED_VARIABLE = YES;
				IPHONEOS_DEPLOYMENT_TARGET = 3.1.3;
				OTHER_LDFLAGS = "-ObjC";
				PREBINDING = NO;
				SDKROOT = iphoneos3.2;
				TARGETED_DEVICE_FAMILY = "1,2";
			};
			name = Debug;
		};
		1DEB922408733DC00010E9CD /* Release */ = {
			isa = XCBuildConfiguration;
			buildSettings = {
				ARCHS = "$(ARCHS_STANDARD_32_BIT)";
				GCC_C_LANGUAGE_STANDARD = c99;
				GCC_WARN_ABOUT_RETURN_TYPE = YES;
				GCC_WARN_UNUSED_VARIABLE = YES;
				IPHONEOS_DEPLOYMENT_TARGET = 3.1.3;
				OTHER_LDFLAGS = "-ObjC";
				PREBINDING = NO;
				SDKROOT = iphoneos3.2;
				TARGETED_DEVICE_FAMILY = "1,2";
			};
			name = Release;
		};
		DBEA415E1184BFF100ECA462 /* Debug */ = {
			isa = XCBuildConfiguration;
			buildSettings = {
				ALWAYS_SEARCH_USER_PATHS = NO;
				ARCHS = "$(ARCHS_UNIVERSAL_IPHONE_OS)";
				CODE_SIGN_IDENTITY = "iPhone Developer";
				COPY_PHASE_STRIP = NO;
				GCC_DYNAMIC_NO_PIC = NO;
				GCC_OPTIMIZATION_LEVEL = 0;
				GCC_PRECOMPILE_PREFIX_HEADER = YES;
				GCC_PREFIX_HEADER = "$(SYSTEM_LIBRARY_DIR)/Frameworks/UIKit.framework/Headers/UIKit.h";
				INFOPLIST_FILE = "Examples/OOOTouchDemo-Info.plist";
				INSTALL_PATH = "$(HOME)/Applications";
				OTHER_LDFLAGS = (
					"-framework",
					Foundation,
					"-framework",
					UIKit,
				);
				PREBINDING = NO;
				PRODUCT_NAME = OOOTouchDemo;
				SDKROOT = iphoneos3.2;
				TARGETED_DEVICE_FAMILY = "1,2";
			};
			name = Debug;
		};
		DBEA415F1184BFF100ECA462 /* Release */ = {
			isa = XCBuildConfiguration;
			buildSettings = {
				ALWAYS_SEARCH_USER_PATHS = NO;
				ARCHS = "$(ARCHS_UNIVERSAL_IPHONE_OS)";
				CODE_SIGN_IDENTITY = "iPhone Distribution";
				COPY_PHASE_STRIP = YES;
				DEBUG_INFORMATION_FORMAT = "dwarf-with-dsym";
				GCC_ENABLE_FIX_AND_CONTINUE = NO;
				GCC_PRECOMPILE_PREFIX_HEADER = YES;
				GCC_PREFIX_HEADER = "$(SYSTEM_LIBRARY_DIR)/Frameworks/UIKit.framework/Headers/UIKit.h";
				INFOPLIST_FILE = "Examples/OOOTouchDemo-Info.plist";
				INSTALL_PATH = "$(HOME)/Applications";
				OTHER_LDFLAGS = (
					"-framework",
					Foundation,
					"-framework",
					UIKit,
				);
				PREBINDING = NO;
				PRODUCT_NAME = OOOTouchDemo;
				PROVISIONING_PROFILE = "";
				SDKROOT = iphoneos3.2;
				TARGETED_DEVICE_FAMILY = "1,2";
				VALIDATE_PRODUCT = YES;
				ZERO_LINK = NO;
			};
			name = Release;
		};
/* End XCBuildConfiguration section */

/* Begin XCConfigurationList section */
		1DEB921E08733DC00010E9CD /* Build configuration list for PBXNativeTarget "OOOTouch" */ = {
			isa = XCConfigurationList;
			buildConfigurations = (
				1DEB921F08733DC00010E9CD /* Debug */,
				1DEB922008733DC00010E9CD /* Release */,
			);
			defaultConfigurationIsVisible = 0;
			defaultConfigurationName = Release;
		};
		1DEB922208733DC00010E9CD /* Build configuration list for PBXProject "OOOTouch" */ = {
			isa = XCConfigurationList;
			buildConfigurations = (
				1DEB922308733DC00010E9CD /* Debug */,
				1DEB922408733DC00010E9CD /* Release */,
			);
			defaultConfigurationIsVisible = 0;
			defaultConfigurationName = Release;
		};
		DBEA41601184BFF100ECA462 /* Build configuration list for PBXNativeTarget "OOOTouchDemo" */ = {
			isa = XCConfigurationList;
			buildConfigurations = (
				DBEA415E1184BFF100ECA462 /* Debug */,
				DBEA415F1184BFF100ECA462 /* Release */,
			);
			defaultConfigurationIsVisible = 0;
			defaultConfigurationName = Release;
		};
/* End XCConfigurationList section */
	};
	rootObject = 0867D690FE84028FC02AAC07 /* Project object */;
}
